Microsoft Visual Studio Solution File, Format Version 12.00
# Visual Studio Version 17
VisualStudioVersion = 17.5.2.0
MinimumVisualStudioVersion = 10.0.40219.1
Project("{FAE04EC0-301F-11D3-BF4B-00C04F79EFBC}") = "OrgStructureApi", "OrgStructureApi.csproj", "{31CF65E1-3AB4-D89E-3554-5F13B84AA8FD}"
EndProject
Global
	GlobalSection(SolutionConfigurationPlatforms) = preSolution
		Debug|Any CPU = Debug|Any CPU
		Release|Any CPU = Release|Any CPU
	EndGlobalSection
	GlobalSection(ProjectConfigurationPlatforms) = postSolution
		{31CF65E1-3AB4-D89E-3554-5F13B84AA8FD}.Debug|Any CPU.ActiveCfg = Debug|Any CPU
		{31CF65E1-3AB4-D89E-3554-5F13B84AA8FD}.Debug|Any CPU.Build.0 = Debug|Any CPU
		{31CF65E1-3AB4-D89E-3554-5F13B84AA8FD}.Release|Any CPU.ActiveCfg = Release|Any CPU
		{31CF65E1-3AB4-D89E-3554-5F13B84AA8FD}.Release|Any CPU.Build.0 = Release|Any CPU
	EndGlobalSection
	GlobalSection(SolutionProperties) = preSolution
		HideSolutionNode = FALSE
	EndGlobalSection
	GlobalSection(ExtensibilityGlobals) = postSolution
		SolutionGuid = {54A9A51B-0660-45D8-B5E9-C6AFEF79E26D}
	EndGlobalSection
EndGlobal
